
Microsoft Visual Studio Solution File, Format Version 12.00
# Visual Studio Version 17
VisualStudioVersion = 17.4.33213.308
MinimumVisualStudioVersion = 10.0.40219.1
Project("{FAE04EC0-301F-11D3-BF4B-00C04F79EFBC}") = "Freya Server", "Freya Server\Freya Server.csproj", "{2CBDD62B-2451-4082-AF4E-75F926454A69}"
EndProject
Global
	GlobalSection(SolutionConfigurationPlatforms) = preSolution
		Debug|Any CPU = Debug|Any CPU
		Release|Any CPU = Release|Any CPU
	EndGlobalSection
	GlobalSection(ProjectConfigurationPlatforms) = postSolution
		{2CBDD62B-2451-4082-AF4E-75F926454A69}.Debug|Any CPU.ActiveCfg = Debug|Any CPU
		{2CBDD62B-2451-4082-AF4E-75F926454A69}.Debug|Any CPU.Build.0 = Debug|Any CPU
		{2CBDD62B-2451-4082-AF4E-75F926454A69}.Release|Any CPU.ActiveCfg = Release|Any CPU
		{2CBDD62B-2451-4082-AF4E-75F926454A69}.Release|Any CPU.Build.0 = Release|Any CPU
	EndGlobalSection
	GlobalSection(SolutionProperties) = preSolution
		HideSolutionNode = FALSE
	EndGlobalSection
	GlobalSection(ExtensibilityGlobals) = postSolution
		SolutionGuid = {0033B2E8-83D5-4B8E-B159-33132F01C775}
	EndGlobalSection
EndGlobal
