
Microsoft Visual Studio Solution File, Format Version 12.00
# Visual Studio Version 17
VisualStudioVersion = 17.4.33213.308
MinimumVisualStudioVersion = 10.0.40219.1
Project("{FAE04EC0-301F-11D3-BF4B-00C04F79EFBC}") = "Freya Client", "Freya Client\Freya Client.csproj", "{DD4D0E80-540A-4AB2-83C1-AA7AF3A27262}"
EndProject
Global
	GlobalSection(SolutionConfigurationPlatforms) = preSolution
		Debug|Any CPU = Debug|Any CPU
		Release|Any CPU = Release|Any CPU
	EndGlobalSection
	GlobalSection(ProjectConfigurationPlatforms) = postSolution
		{DD4D0E80-540A-4AB2-83C1-AA7AF3A27262}.Debug|Any CPU.ActiveCfg = Debug|Any CPU
		{DD4D0E80-540A-4AB2-83C1-AA7AF3A27262}.Debug|Any CPU.Build.0 = Debug|Any CPU
		{DD4D0E80-540A-4AB2-83C1-AA7AF3A27262}.Release|Any CPU.ActiveCfg = Release|Any CPU
		{DD4D0E80-540A-4AB2-83C1-AA7AF3A27262}.Release|Any CPU.Build.0 = Release|Any CPU
	EndGlobalSection
	GlobalSection(SolutionProperties) = preSolution
		HideSolutionNode = FALSE
	EndGlobalSection
	GlobalSection(ExtensibilityGlobals) = postSolution
		SolutionGuid = {8E979AEA-6A27-45B8-A582-A3FD5F4BE428}
	EndGlobalSection
EndGlobal
